// !$*UTF8*$!
{
	archiveVersion = 1;
	classes = {
	};
	objectVersion = 50;
	objects = {

/* Begin PBXBuildFile section */
		63F143BD234135A70085425F /* AppDelegate.swift in Sources */ = {isa = PBXBuildFile; fileRef = 63F143BC234135A70085425F /* AppDelegate.swift */; };
		63F143C2234135A70085425F /* Main.storyboard in Resources */ = {isa = PBXBuildFile; fileRef = 63F143C0234135A70085425F /* Main.storyboard */; };
		63F143C4234135A80085425F /* Assets.xcassets in Resources */ = {isa = PBXBuildFile; fileRef = 63F143C3234135A80085425F /* Assets.xcassets */; };
		63F143C7234135A80085425F /* LaunchScreen.storyboard in Resources */ = {isa = PBXBuildFile; fileRef = 63F143C5234135A80085425F /* LaunchScreen.storyboard */; };
		63F144152341545C0085425F /* CloudKit.framework in Frameworks */ = {isa = PBXBuildFile; fileRef = 63F144142341545C0085425F /* CloudKit.framework */; };
		63F14419234158040085425F /* JanuaryPost.swift in Sources */ = {isa = PBXBuildFile; fileRef = 63F14418234158040085425F /* JanuaryPost.swift */; };
		63F1441B234158ED0085425F /* FebruaryPost.swift in Sources */ = {isa = PBXBuildFile; fileRef = 63F1441A234158ED0085425F /* FebruaryPost.swift */; };
		63F1441D234158F60085425F /* MarchPost.swift in Sources */ = {isa = PBXBuildFile; fileRef = 63F1441C234158F60085425F /* MarchPost.swift */; };
		63F1441F234158FE0085425F /* AprilPost.swift in Sources */ = {isa = PBXBuildFile; fileRef = 63F1441E234158FE0085425F /* AprilPost.swift */; };
		63F14421234159050085425F /* MayPost.swift in Sources */ = {isa = PBXBuildFile; fileRef = 63F14420234159050085425F /* MayPost.swift */; };
		63F14423234159280085425F /* JunePost.swift in Sources */ = {isa = PBXBuildFile; fileRef = 63F14422234159280085425F /* JunePost.swift */; };
		63F144252341592F0085425F /* JulyPost.swift in Sources */ = {isa = PBXBuildFile; fileRef = 63F144242341592F0085425F /* JulyPost.swift */; };
		63F144272341593A0085425F /* AugustPost.swift in Sources */ = {isa = PBXBuildFile; fileRef = 63F144262341593A0085425F /* AugustPost.swift */; };
		63F144292341594C0085425F /* SeptemberPost.swift in Sources */ = {isa = PBXBuildFile; fileRef = 63F144282341594C0085425F /* SeptemberPost.swift */; };
		63F1442B234159540085425F /* OctoberPost.swift in Sources */ = {isa = PBXBuildFile; fileRef = 63F1442A234159540085425F /* OctoberPost.swift */; };
		63F1442D2341595C0085425F /* NovemberPost.swift in Sources */ = {isa = PBXBuildFile; fileRef = 63F1442C2341595C0085425F /* NovemberPost.swift */; };
		63F1442F234159620085425F /* DecemberPost.swift in Sources */ = {isa = PBXBuildFile; fileRef = 63F1442E234159620085425F /* DecemberPost.swift */; };
		63F1443223415AF00085425F /* User.swift in Sources */ = {isa = PBXBuildFile; fileRef = 63F1443123415AF00085425F /* User.swift */; };
/* End PBXBuildFile section */

/* Begin PBXFileReference section */
		63F143B9234135A70085425F /* FotoSim.app */ = {isa = PBXFileReference; explicitFileType = wrapper.application; includeInIndex = 0; path = FotoSim.app; sourceTree = BUILT_PRODUCTS_DIR; };
		63F143BC234135A70085425F /* AppDelegate.swift */ = {isa = PBXFileReference; lastKnownFileType = sourcecode.swift; path = AppDelegate.swift; sourceTree = "<group>"; };
		63F143C1234135A70085425F /* Base */ = {isa = PBXFileReference; lastKnownFileType = file.storyboard; name = Base; path = Base.lproj/Main.storyboard; sourceTree = "<group>"; };
		63F143C3234135A80085425F /* Assets.xcassets */ = {isa = PBXFileReference; lastKnownFileType = folder.assetcatalog; path = Assets.xcassets; sourceTree = "<group>"; };
		63F143C6234135A80085425F /* Base */ = {isa = PBXFileReference; lastKnownFileType = file.storyboard; name = Base; path = Base.lproj/LaunchScreen.storyboard; sourceTree = "<group>"; };
		63F143C8234135A80085425F /* Info.plist */ = {isa = PBXFileReference; lastKnownFileType = text.plist.xml; path = Info.plist; sourceTree = "<group>"; };
		63F14412234154590085425F /* FotoSim.entitlements */ = {isa = PBXFileReference; lastKnownFileType = text.plist.entitlements; path = FotoSim.entitlements; sourceTree = "<group>"; };
		63F144142341545C0085425F /* CloudKit.framework */ = {isa = PBXFileReference; lastKnownFileType = wrapper.framework; name = CloudKit.framework; path = System/Library/Frameworks/CloudKit.framework; sourceTree = SDKROOT; };
		63F14418234158040085425F /* JanuaryPost.swift */ = {isa = PBXFileReference; lastKnownFileType = sourcecode.swift; path = JanuaryPost.swift; sourceTree = "<group>"; };
		63F1441A234158ED0085425F /* FebruaryPost.swift */ = {isa = PBXFileReference; lastKnownFileType = sourcecode.swift; path = FebruaryPost.swift; sourceTree = "<group>"; };
		63F1441C234158F60085425F /* MarchPost.swift */ = {isa = PBXFileReference; lastKnownFileType = sourcecode.swift; path = MarchPost.swift; sourceTree = "<group>"; };
		63F1441E234158FE0085425F /* AprilPost.swift */ = {isa = PBXFileReference; lastKnownFileType = sourcecode.swift; path = AprilPost.swift; sourceTree = "<group>"; };
		63F14420234159050085425F /* MayPost.swift */ = {isa = PBXFileReference; lastKnownFileType = sourcecode.swift; path = MayPost.swift; sourceTree = "<group>"; };
		63F14422234159280085425F /* JunePost.swift */ = {isa = PBXFileReference; lastKnownFileType = sourcecode.swift; path = JunePost.swift; sourceTree = "<group>"; };
		63F144242341592F0085425F /* JulyPost.swift */ = {isa = PBXFileReference; lastKnownFileType = sourcecode.swift; path = JulyPost.swift; sourceTree = "<group>"; };
		63F144262341593A0085425F /* AugustPost.swift */ = {isa = PBXFileReference; lastKnownFileType = sourcecode.swift; path = AugustPost.swift; sourceTree = "<group>"; };
		63F144282341594C0085425F /* SeptemberPost.swift */ = {isa = PBXFileReference; lastKnownFileType = sourcecode.swift; path = SeptemberPost.swift; sourceTree = "<group>"; };
		63F1442A234159540085425F /* OctoberPost.swift */ = {isa = PBXFileReference; lastKnownFileType = sourcecode.swift; path = OctoberPost.swift; sourceTree = "<group>"; };
		63F1442C2341595C0085425F /* NovemberPost.swift */ = {isa = PBXFileReference; lastKnownFileType = sourcecode.swift; path = NovemberPost.swift; sourceTree = "<group>"; };
		63F1442E234159620085425F /* DecemberPost.swift */ = {isa = PBXFileReference; lastKnownFileType = sourcecode.swift; path = DecemberPost.swift; sourceTree = "<group>"; };
		63F1443123415AF00085425F /* User.swift */ = {isa = PBXFileReference; lastKnownFileType = sourcecode.swift; path = User.swift; sourceTree = "<group>"; };
/* End PBXFileReference section */

/* Begin PBXFrameworksBuildPhase section */
		63F143B6234135A70085425F /* Frameworks */ = {
			isa = PBXFrameworksBuildPhase;
			buildActionMask = 2147483647;
			files = (
				63F144152341545C0085425F /* CloudKit.framework in Frameworks */,
			);
			runOnlyForDeploymentPostprocessing = 0;
		};
/* End PBXFrameworksBuildPhase section */

/* Begin PBXGroup section */
		63F143B0234135A70085425F = {
			isa = PBXGroup;
			children = (
				63F143BB234135A70085425F /* FotoSim */,
				63F143BA234135A70085425F /* Products */,
				63F144132341545C0085425F /* Frameworks */,
			);
			sourceTree = "<group>";
		};
		63F143BA234135A70085425F /* Products */ = {
			isa = PBXGroup;
			children = (
				63F143B9234135A70085425F /* FotoSim.app */,
			);
			name = Products;
			sourceTree = "<group>";
		};
		63F143BB234135A70085425F /* FotoSim */ = {
			isa = PBXGroup;
			children = (
				63F14412234154590085425F /* FotoSim.entitlements */,
				63F143D2234135E20085425F /* ViewControllers */,
				63F143D1234135DA0085425F /* ModelControllers */,
				63F143D0234135D50085425F /* Models */,
				63F143CF234135C50085425F /* StoryBoards */,
				63F143CE234135B50085425F /* Resources */,
			);
			path = FotoSim;
			sourceTree = "<group>";
		};
		63F143CE234135B50085425F /* Resources */ = {
			isa = PBXGroup;
			children = (
				63F143BC234135A70085425F /* AppDelegate.swift */,
				63F143C3234135A80085425F /* Assets.xcassets */,
				63F143C5234135A80085425F /* LaunchScreen.storyboard */,
				63F143C8234135A80085425F /* Info.plist */,
			);
			path = Resources;
			sourceTree = "<group>";
		};
		63F143CF234135C50085425F /* StoryBoards */ = {
			isa = PBXGroup;
			children = (
				63F143C0234135A70085425F /* Main.storyboard */,
			);
			path = StoryBoards;
			sourceTree = "<group>";
		};
		63F143D0234135D50085425F /* Models */ = {
			isa = PBXGroup;
			children = (
				63F1443023415AE50085425F /* User */,
				63F143F4234143740085425F /* Posts */,
			);
			path = Models;
			sourceTree = "<group>";
		};
		63F143D1234135DA0085425F /* ModelControllers */ = {
			isa = PBXGroup;
			children = (
				63F143F9234148380085425F /* Post */,
			);
			path = ModelControllers;
			sourceTree = "<group>";
		};
		63F143D2234135E20085425F /* ViewControllers */ = {
			isa = PBXGroup;
			children = (
			);
			path = ViewControllers;
			sourceTree = "<group>";
		};
		63F143F4234143740085425F /* Posts */ = {
			isa = PBXGroup;
			children = (
				63F14418234158040085425F /* JanuaryPost.swift */,
				63F1441A234158ED0085425F /* FebruaryPost.swift */,
				63F1441C234158F60085425F /* MarchPost.swift */,
				63F1441E234158FE0085425F /* AprilPost.swift */,
				63F14420234159050085425F /* MayPost.swift */,
				63F14422234159280085425F /* JunePost.swift */,
				63F144242341592F0085425F /* JulyPost.swift */,
				63F144262341593A0085425F /* AugustPost.swift */,
				63F144282341594C0085425F /* SeptemberPost.swift */,
				63F1442A234159540085425F /* OctoberPost.swift */,
				63F1442C2341595C0085425F /* NovemberPost.swift */,
				63F1442E234159620085425F /* DecemberPost.swift */,
			);
			path = Posts;
			sourceTree = "<group>";
		};
		63F143F9234148380085425F /* Post */ = {
			isa = PBXGroup;
			children = (
			);
			path = Post;
			sourceTree = "<group>";
		};
		63F144132341545C0085425F /* Frameworks */ = {
			isa = PBXGroup;
			children = (
				63F144142341545C0085425F /* CloudKit.framework */,
			);
			name = Frameworks;
			sourceTree = "<group>";
		};
		63F1443023415AE50085425F /* User */ = {
			isa = PBXGroup;
			children = (
				63F1443123415AF00085425F /* User.swift */,
			);
			path = User;
			sourceTree = "<group>";
		};
/* End PBXGroup section */

/* Begin PBXNativeTarget section */
		63F143B8234135A70085425F /* FotoSim */ = {
			isa = PBXNativeTarget;
			buildConfigurationList = 63F143CB234135A80085425F /* Build configuration list for PBXNativeTarget "FotoSim" */;
			buildPhases = (
				63F143B5234135A70085425F /* Sources */,
				63F143B6234135A70085425F /* Frameworks */,
				63F143B7234135A70085425F /* Resources */,
			);
			buildRules = (
			);
			dependencies = (
			);
			name = FotoSim;
			productName = FotoSim;
			productReference = 63F143B9234135A70085425F /* FotoSim.app */;
			productType = "com.apple.product-type.application";
		};
/* End PBXNativeTarget section */

/* Begin PBXProject section */
		63F143B1234135A70085425F /* Project object */ = {
			isa = PBXProject;
			attributes = {
				LastSwiftUpdateCheck = 1030;
				LastUpgradeCheck = 1030;
				ORGANIZATIONNAME = "Blake kvarfordt";
				TargetAttributes = {
					63F143B8234135A70085425F = {
						CreatedOnToolsVersion = 10.3;
						SystemCapabilities = {
							com.apple.Push = {
								enabled = 1;
							};
							com.apple.iCloud = {
								enabled = 1;
							};
						};
					};
				};
			};
			buildConfigurationList = 63F143B4234135A70085425F /* Build configuration list for PBXProject "FotoSim" */;
			compatibilityVersion = "Xcode 9.3";
			developmentRegion = en;
			hasScannedForEncodings = 0;
			knownRegions = (
				en,
				Base,
			);
			mainGroup = 63F143B0234135A70085425F;
			productRefGroup = 63F143BA234135A70085425F /* Products */;
			projectDirPath = "";
			projectRoot = "";
			targets = (
				63F143B8234135A70085425F /* FotoSim */,
			);
		};
/* End PBXProject section */

/* Begin PBXResourcesBuildPhase section */
		63F143B7234135A70085425F /* Resources */ = {
			isa = PBXResourcesBuildPhase;
			buildActionMask = 2147483647;
			files = (
				63F143C7234135A80085425F /* LaunchScreen.storyboard in Resources */,
				63F143C4234135A80085425F /* Assets.xcassets in Resources */,
				63F143C2234135A70085425F /* Main.storyboard in Resources */,
			);
			runOnlyForDeploymentPostprocessing = 0;
		};
/* End PBXResourcesBuildPhase section */

/* Begin PBXSourcesBuildPhase section */
		63F143B5234135A70085425F /* Sources */ = {
			isa = PBXSourcesBuildPhase;
			buildActionMask = 2147483647;
			files = (
				63F14423234159280085425F /* JunePost.swift in Sources */,
				63F144292341594C0085425F /* SeptemberPost.swift in Sources */,
				63F144272341593A0085425F /* AugustPost.swift in Sources */,
				63F1442B234159540085425F /* OctoberPost.swift in Sources */,
				63F14419234158040085425F /* JanuaryPost.swift in Sources */,
				63F1442D2341595C0085425F /* NovemberPost.swift in Sources */,
				63F1443223415AF00085425F /* User.swift in Sources */,
				63F1441B234158ED0085425F /* FebruaryPost.swift in Sources */,
				63F144252341592F0085425F /* JulyPost.swift in Sources */,
				63F143BD234135A70085425F /* AppDelegate.swift in Sources */,
				63F1441F234158FE0085425F /* AprilPost.swift in Sources */,
				63F1441D234158F60085425F /* MarchPost.swift in Sources */,
				63F1442F234159620085425F /* DecemberPost.swift in Sources */,
				63F14421234159050085425F /* MayPost.swift in Sources */,
			);
			runOnlyForDeploymentPostprocessing = 0;
		};
/* End PBXSourcesBuildPhase section */

/* Begin PBXVariantGroup section */
		63F143C0234135A70085425F /* Main.storyboard */ = {
			isa = PBXVariantGroup;
			children = (
				63F143C1234135A70085425F /* Base */,
			);
			name = Main.storyboard;
			sourceTree = "<group>";
		};
		63F143C5234135A80085425F /* LaunchScreen.storyboard */ = {
			isa = PBXVariantGroup;
			children = (
				63F143C6234135A80085425F /* Base */,
			);
			name = LaunchScreen.storyboard;
			sourceTree = "<group>";
		};
/* End PBXVariantGroup section */

/* Begin XCBuildConfiguration section */
		63F143C9234135A80085425F /* Debug */ = {
			isa = XCBuildConfiguration;
			buildSettings = {
				ALWAYS_SEARCH_USER_PATHS = NO;
				CLANG_ANALYZER_NONNULL = YES;
				CLANG_ANALYZER_NUMBER_OBJECT_CONVERSION = YES_AGGRESSIVE;
				CLANG_CXX_LANGUAGE_STANDARD = "gnu++14";
				CLANG_CXX_LIBRARY = "libc++";
				CLANG_ENABLE_MODULES = YES;
				CLANG_ENABLE_OBJC_ARC = YES;
				CLANG_ENABLE_OBJC_WEAK = YES;
				CLANG_WARN_BLOCK_CAPTURE_AUTORELEASING = YES;
				CLANG_WARN_BOOL_CONVERSION = YES;
				CLANG_WARN_COMMA = YES;
				CLANG_WARN_CONSTANT_CONVERSION = YES;
				CLANG_WARN_DEPRECATED_OBJC_IMPLEMENTATIONS = YES;
				CLANG_WARN_DIRECT_OBJC_ISA_USAGE = YES_ERROR;
				CLANG_WARN_DOCUMENTATION_COMMENTS = YES;
				CLANG_WARN_EMPTY_BODY = YES;
				CLANG_WARN_ENUM_CONVERSION = YES;
				CLANG_WARN_INFINITE_RECURSION = YES;
				CLANG_WARN_INT_CONVERSION = YES;
				CLANG_WARN_NON_LITERAL_NULL_CONVERSION = YES;
				CLANG_WARN_OBJC_IMPLICIT_RETAIN_SELF = YES;
				CLANG_WARN_OBJC_LITERAL_CONVERSION = YES;
				CLANG_WARN_OBJC_ROOT_CLASS = YES_ERROR;
				CLANG_WARN_RANGE_LOOP_ANALYSIS = YES;
				CLANG_WARN_STRICT_PROTOTYPES = YES;
				CLANG_WARN_SUSPICIOUS_MOVE = YES;
				CLANG_WARN_UNGUARDED_AVAILABILITY = YES_AGGRESSIVE;
				CLANG_WARN_UNREACHABLE_CODE = YES;
				CLANG_WARN__DUPLICATE_METHOD_MATCH = YES;
				CODE_SIGN_IDENTITY = "iPhone Developer";
				COPY_PHASE_STRIP = NO;
				DEBUG_INFORMATION_FORMAT = dwarf;
				ENABLE_STRICT_OBJC_MSGSEND = YES;
				ENABLE_TESTABILITY = YES;
				GCC_C_LANGUAGE_STANDARD = gnu11;
				GCC_DYNAMIC_NO_PIC = NO;
				GCC_NO_COMMON_BLOCKS = YES;
				GCC_OPTIMIZATION_LEVEL = 0;
				GCC_PREPROCESSOR_DEFINITIONS = (
					"DEBUG=1",
					"$(inherited)",
				);
				GCC_WARN_64_TO_32_BIT_CONVERSION = YES;
				GCC_WARN_ABOUT_RETURN_TYPE = YES_ERROR;
				GCC_WARN_UNDECLARED_SELECTOR = YES;
				GCC_WARN_UNINITIALIZED_AUTOS = YES_AGGRESSIVE;
				GCC_WARN_UNUSED_FUNCTION = YES;
				GCC_WARN_UNUSED_VARIABLE = YES;
				IPHONEOS_DEPLOYMENT_TARGET = 12.4;
				MTL_ENABLE_DEBUG_INFO = INCLUDE_SOURCE;
				MTL_FAST_MATH = YES;
				ONLY_ACTIVE_ARCH = YES;
				SDKROOT = iphoneos;
				SWIFT_ACTIVE_COMPILATION_CONDITIONS = DEBUG;
				SWIFT_OPTIMIZATION_LEVEL = "-Onone";
			};
			name = Debug;
		};
		63F143CA234135A80085425F /* Release */ = {
			isa = XCBuildConfiguration;
			buildSettings = {
				ALWAYS_SEARCH_USER_PATHS = NO;
				CLANG_ANALYZER_NONNULL = YES;
				CLANG_ANALYZER_NUMBER_OBJECT_CONVERSION = YES_AGGRESSIVE;
				CLANG_CXX_LANGUAGE_STANDARD = "gnu++14";
				CLANG_CXX_LIBRARY = "libc++";
				CLANG_ENABLE_MODULES = YES;
				CLANG_ENABLE_OBJC_ARC = YES;
				CLANG_ENABLE_OBJC_WEAK = YES;
				CLANG_WARN_BLOCK_CAPTURE_AUTORELEASING = YES;
				CLANG_WARN_BOOL_CONVERSION = YES;
				CLANG_WARN_COMMA = YES;
				CLANG_WARN_CONSTANT_CONVERSION = YES;
				CLANG_WARN_DEPRECATED_OBJC_IMPLEMENTATIONS = YES;
				CLANG_WARN_DIRECT_OBJC_ISA_USAGE = YES_ERROR;
				CLANG_WARN_DOCUMENTATION_COMMENTS = YES;
				CLANG_WARN_EMPTY_BODY = YES;
				CLANG_WARN_ENUM_CONVERSION = YES;
				CLANG_WARN_INFINITE_RECURSION = YES;
				CLANG_WARN_INT_CONVERSION = YES;
				CLANG_WARN_NON_LITERAL_NULL_CONVERSION = YES;
				CLANG_WARN_OBJC_IMPLICIT_RETAIN_SELF = YES;
				CLANG_WARN_OBJC_LITERAL_CONVERSION = YES;
				CLANG_WARN_OBJC_ROOT_CLASS = YES_ERROR;
				CLANG_WARN_RANGE_LOOP_ANALYSIS = YES;
				CLANG_WARN_STRICT_PROTOTYPES = YES;
				CLANG_WARN_SUSPICIOUS_MOVE = YES;
				CLANG_WARN_UNGUARDED_AVAILABILITY = YES_AGGRESSIVE;
				CLANG_WARN_UNREACHABLE_CODE = YES;
				CLANG_WARN__DUPLICATE_METHOD_MATCH = YES;
				CODE_SIGN_IDENTITY = "iPhone Developer";
				COPY_PHASE_STRIP = NO;
				DEBUG_INFORMATION_FORMAT = "dwarf-with-dsym";
				ENABLE_NS_ASSERTIONS = NO;
				ENABLE_STRICT_OBJC_MSGSEND = YES;
				GCC_C_LANGUAGE_STANDARD = gnu11;
				GCC_NO_COMMON_BLOCKS = YES;
				GCC_WARN_64_TO_32_BIT_CONVERSION = YES;
				GCC_WARN_ABOUT_RETURN_TYPE = YES_ERROR;
				GCC_WARN_UNDECLARED_SELECTOR = YES;
				GCC_WARN_UNINITIALIZED_AUTOS = YES_AGGRESSIVE;
				GCC_WARN_UNUSED_FUNCTION = YES;
				GCC_WARN_UNUSED_VARIABLE = YES;
				IPHONEOS_DEPLOYMENT_TARGET = 12.4;
				MTL_ENABLE_DEBUG_INFO = NO;
				MTL_FAST_MATH = YES;
				SDKROOT = iphoneos;
				SWIFT_COMPILATION_MODE = wholemodule;
				SWIFT_OPTIMIZATION_LEVEL = "-O";
				VALIDATE_PRODUCT = YES;
			};
			name = Release;
		};
		63F143CC234135A80085425F /* Debug */ = {
			isa = XCBuildConfiguration;
			buildSettings = {
				ASSETCATALOG_COMPILER_APPICON_NAME = AppIcon;
				CODE_SIGN_ENTITLEMENTS = FotoSim/FotoSim.entitlements;
				CODE_SIGN_STYLE = Automatic;
				DEVELOPMENT_TEAM = 83YG3ZQCH4;
				INFOPLIST_FILE = "$(SRCROOT)/FotoSim/Resources/Info.plist";
				LD_RUNPATH_SEARCH_PATHS = (
					"$(inherited)",
					"@executable_path/Frameworks",
				);
				PRODUCT_BUNDLE_IDENTIFIER = com.blakekvarfordt.FotoSim;
				PRODUCT_NAME = "$(TARGET_NAME)";
				SWIFT_VERSION = 5.0;
				TARGETED_DEVICE_FAMILY = "1,2";
			};
			name = Debug;
		};
		63F143CD234135A80085425F /* Release */ = {
			isa = XCBuildConfiguration;
			buildSettings = {
				ASSETCATALOG_COMPILER_APPICON_NAME = AppIcon;
				CODE_SIGN_ENTITLEMENTS = FotoSim/FotoSim.entitlements;
				CODE_SIGN_STYLE = Automatic;
				DEVELOPMENT_TEAM = 83YG3ZQCH4;
				INFOPLIST_FILE = "$(SRCROOT)/FotoSim/Resources/Info.plist";
				LD_RUNPATH_SEARCH_PATHS = (
					"$(inherited)",
					"@executable_path/Frameworks",
				);
				PRODUCT_BUNDLE_IDENTIFIER = com.blakekvarfordt.FotoSim;
				PRODUCT_NAME = "$(TARGET_NAME)";
				SWIFT_VERSION = 5.0;
				TARGETED_DEVICE_FAMILY = "1,2";
			};
			name = Release;
		};
/* End XCBuildConfiguration section */

/* Begin XCConfigurationList section */
		63F143B4234135A70085425F /* Build configuration list for PBXProject "FotoSim" */ = {
			isa = XCConfigurationList;
			buildConfigurations = (
				63F143C9234135A80085425F /* Debug */,
				63F143CA234135A80085425F /* Release */,
			);
			defaultConfigurationIsVisible = 0;
			defaultConfigurationName = Release;
		};
		63F143CB234135A80085425F /* Build configuration list for PBXNativeTarget "FotoSim" */ = {
			isa = XCConfigurationList;
			buildConfigurations = (
				63F143CC234135A80085425F /* Debug */,
				63F143CD234135A80085425F /* Release */,
			);
			defaultConfigurationIsVisible = 0;
			defaultConfigurationName = Release;
		};
/* End XCConfigurationList section */
	};
	rootObject = 63F143B1234135A70085425F /* Project object */;
}
